// !$*UTF8*$!
{
	archiveVersion = 1;
	classes = {
	};
	objectVersion = 56;
	objects = {

/* Begin PBXBuildFile section */
		082C74F34E48283E0C54591D /* Shared.framework in Embed Frameworks */ = {isa = PBXBuildFile; fileRef = C598175FD8176FC31EEBAE00 /* Shared.framework */; settings = {ATTRIBUTES = (CodeSignOnCopy, RemoveHeadersOnCopy, ); }; };
		0D6E356165DDBD71675B36A1 /* PlaceHolder5.swift in Sources */ = {isa = PBXBuildFile; fileRef = 8B091ABEDC87EB5B7BE0D441 /* PlaceHolder5.swift */; };
		0F0CBA5C53095A611A13478A /* TuistAssets+Fitculator.swift in Sources */ = {isa = PBXBuildFile; fileRef = 0B7B4BDD3D8AF09B554B0199 /* TuistAssets+Fitculator.swift */; };
		119EE8D7468CC8E3845CE358 /* Shared.framework in Frameworks */ = {isa = PBXBuildFile; fileRef = C598175FD8176FC31EEBAE00 /* Shared.framework */; };
		258679D0F67E883C77F1DE8D /* PlaceHolder1.swift in Sources */ = {isa = PBXBuildFile; fileRef = 2AAB56C0618FFBC803293FFA /* PlaceHolder1.swift */; };
		3293AFB81CB2812F12390D16 /* PlaceHolder12.swift in Sources */ = {isa = PBXBuildFile; fileRef = C72D7189546EBCBC884DEE1A /* PlaceHolder12.swift */; };
		40C199B4FD1260F6332F12F0 /* PlaceHolder2.swift in Sources */ = {isa = PBXBuildFile; fileRef = 022693F41000C8D51E5E8A5B /* PlaceHolder2.swift */; };
		466F08534215DCE8442FBD24 /* Core.framework in Frameworks */ = {isa = PBXBuildFile; fileRef = F2AA4B9AE9AE9FFD43A08E95 /* Core.framework */; };
		4E8CFDBDE82B4B7AD4232712 /* Features.framework in Embed Frameworks */ = {isa = PBXBuildFile; fileRef = BDA14826C4C0A13CAF29FE80 /* Features.framework */; settings = {ATTRIBUTES = (CodeSignOnCopy, RemoveHeadersOnCopy, ); }; };
		4F9DAB0F58B783B496DE44F9 /* Shared.framework in Frameworks */ = {isa = PBXBuildFile; fileRef = C598175FD8176FC31EEBAE00 /* Shared.framework */; };
		53494343A90D740D59781D57 /* FitculatorTests.swift in Sources */ = {isa = PBXBuildFile; fileRef = ACD94024AD2F61D403E2678B /* FitculatorTests.swift */; };
		5751A78CB91E6F9B2DB588A5 /* PlaceHolder9.swift in Sources */ = {isa = PBXBuildFile; fileRef = 0BE29A63A32F6582D58A4770 /* PlaceHolder9.swift */; };
		64AD25F29106D9CEFA51B7E5 /* PlaceHolder3.swift in Sources */ = {isa = PBXBuildFile; fileRef = 64C50367FE431BCA92F2683B /* PlaceHolder3.swift */; };
		9100A56677A2F0586431F83E /* PlaceHolder14.swift in Sources */ = {isa = PBXBuildFile; fileRef = 88AC3F6D546B24A0D55F2F60 /* PlaceHolder14.swift */; };
		919B706519A36F97D084B822 /* Kingfisher.framework in Embed Frameworks */ = {isa = PBXBuildFile; fileRef = 740851605AFA51EF8764D194 /* Kingfisher.framework */; settings = {ATTRIBUTES = (CodeSignOnCopy, RemoveHeadersOnCopy, ); }; };
		9D0FCBBF092E9B632C66DFD7 /* PlaceHolder21.swift in Sources */ = {isa = PBXBuildFile; fileRef = EF1BF04FB1A65FE8765B4D92 /* PlaceHolder21.swift */; };
		9FABD95B89D26D9A14460D4E /* PlaceHolder20.swift in Sources */ = {isa = PBXBuildFile; fileRef = 8F9E31ED9239B391204A7EFA /* PlaceHolder20.swift */; };
		A0B4A3D57C3946AAE25153E0 /* PlaceHolder15.swift in Sources */ = {isa = PBXBuildFile; fileRef = 3E59170F5F18E759A6E4FF79 /* PlaceHolder15.swift */; };
		A4AEE7826083957801F48735 /* Assets.xcassets in Resources */ = {isa = PBXBuildFile; fileRef = 382EBF5BA0DF8712B91079A1 /* Assets.xcassets */; };
		A7939FCE9D79E0C6832831F1 /* PlaceHolder11.swift in Sources */ = {isa = PBXBuildFile; fileRef = 45BC486DDEB75B215BDF793E /* PlaceHolder11.swift */; };
		A865E4D4F9C693B61AAD1A38 /* Kingfisher.framework in Frameworks */ = {isa = PBXBuildFile; fileRef = 740851605AFA51EF8764D194 /* Kingfisher.framework */; };
		AF07E5592D5EC68B002F842F /* MyExerciseListView.swift in Sources */ = {isa = PBXBuildFile; fileRef = AF07E5582D5EC68B002F842F /* MyExerciseListView.swift */; };
		AF2B715CF238B69E7E4BB3F5 /* Core.framework in Frameworks */ = {isa = PBXBuildFile; fileRef = F2AA4B9AE9AE9FFD43A08E95 /* Core.framework */; };
		B4F9EF1915E66AF8AE7859F8 /* Alamofire.framework in Frameworks */ = {isa = PBXBuildFile; fileRef = 8EE155CEEF7F5897A826509C /* Alamofire.framework */; };
		B6EDDFDC98CFD5D2D54C4116 /* ContentView.swift in Sources */ = {isa = PBXBuildFile; fileRef = 9E71C382DBBE44C3535248B5 /* ContentView.swift */; };
		B904200FC9D5FEAD0625C55A /* PlaceHolder19.swift in Sources */ = {isa = PBXBuildFile; fileRef = F09357C91C59896603663E4A /* PlaceHolder19.swift */; };
		BD0DF5C95C32C440EB2B7B98 /* PlaceHolder10.swift in Sources */ = {isa = PBXBuildFile; fileRef = 0B4BF2CD4B2DC7C15523D733 /* PlaceHolder10.swift */; };
		BF7F1D8478DFFCB7F1F13821 /* PlaceHolder13.swift in Sources */ = {isa = PBXBuildFile; fileRef = 5D7A7DC8A4BE1BD00B39E5C7 /* PlaceHolder13.swift */; };
		BFFCC02765A803BB4588BBD8 /* FitculatorApp.swift in Sources */ = {isa = PBXBuildFile; fileRef = 74523276C202800AC5899E15 /* FitculatorApp.swift */; };
		C10666CEC833C89AF7ADB02A /* PlaceHolder8.swift in Sources */ = {isa = PBXBuildFile; fileRef = 4DE8ABAE8F4A1650FBA2CABC /* PlaceHolder8.swift */; };
		C14212FF76C1C437B9B5920B /* PlaceHolder6.swift in Sources */ = {isa = PBXBuildFile; fileRef = 9CD1B281EC7C33795487A52C /* PlaceHolder6.swift */; };
		CBD3D09A57FADEFCDC2C66B9 /* PlaceHolder4.swift in Sources */ = {isa = PBXBuildFile; fileRef = 1450FAB189DF5C924407A745 /* PlaceHolder4.swift */; };
		CE4CAACE8CE6BC154DD64ABE /* Features.framework in Frameworks */ = {isa = PBXBuildFile; fileRef = BDA14826C4C0A13CAF29FE80 /* Features.framework */; };
		CEA80309689EA51340F44FC2 /* Preview Assets.xcassets in Resources */ = {isa = PBXBuildFile; fileRef = F516C3E6797CDFE1DE536A23 /* Preview Assets.xcassets */; };
		D209B593FC0676C9F21C4198 /* PlaceHolder17.swift in Sources */ = {isa = PBXBuildFile; fileRef = EA44071F4B25B00754C110CE /* PlaceHolder17.swift */; };
		D93E8C64DB207CDC0A7DD590 /* Alamofire.framework in Embed Frameworks */ = {isa = PBXBuildFile; fileRef = 8EE155CEEF7F5897A826509C /* Alamofire.framework */; settings = {ATTRIBUTES = (CodeSignOnCopy, RemoveHeadersOnCopy, ); }; };
		DF0B9AB0EB8794B748AE1285 /* Shared.framework in Frameworks */ = {isa = PBXBuildFile; fileRef = C598175FD8176FC31EEBAE00 /* Shared.framework */; };
		E07FBFB80FAF005DD4CC8BF6 /* PlaceHolder18.swift in Sources */ = {isa = PBXBuildFile; fileRef = A4D2AA5B61425F20CEFE244D /* PlaceHolder18.swift */; };
		E77EA43881FF0F4CF36E140B /* TuistBundle+Fitculator.swift in Sources */ = {isa = PBXBuildFile; fileRef = 6C6DD994C6A91E8870CE8A17 /* TuistBundle+Fitculator.swift */; };
		F8FE9FF6BA17A864E2C0FF0A /* Core.framework in Embed Frameworks */ = {isa = PBXBuildFile; fileRef = F2AA4B9AE9AE9FFD43A08E95 /* Core.framework */; settings = {ATTRIBUTES = (CodeSignOnCopy, RemoveHeadersOnCopy, ); }; };
		FE3B2C70D8E4080F86C139C8 /* PlaceHolder7.swift in Sources */ = {isa = PBXBuildFile; fileRef = 87D2C8FBEDAFBD1D94AB1AB3 /* PlaceHolder7.swift */; };
		FFE15E2DFB748820B253FD79 /* PlaceHolder16.swift in Sources */ = {isa = PBXBuildFile; fileRef = 3D73F3764EA91F04800B82D5 /* PlaceHolder16.swift */; };
/* End PBXBuildFile section */

/* Begin PBXContainerItemProxy section */
		0D2C71FEBA03D199ED3BE8AA /* PBXContainerItemProxy */ = {
			isa = PBXContainerItemProxy;
			containerPortal = E9B79A3396A25789279CF522 /* Project object */;
			proxyType = 1;
			remoteGlobalIDString = 6D458538E2B45CC1698FA2E7;
			remoteInfo = Core;
		};
		2B247E8875039E92FFB44880 /* PBXContainerItemProxy */ = {
			isa = PBXContainerItemProxy;
			containerPortal = E9B79A3396A25789279CF522 /* Project object */;
			proxyType = 1;
			remoteGlobalIDString = 6D458538E2B45CC1698FA2E7;
			remoteInfo = Core;
		};
		78A118EB18A1391703C00C71 /* PBXContainerItemProxy */ = {
			isa = PBXContainerItemProxy;
			containerPortal = E9B79A3396A25789279CF522 /* Project object */;
			proxyType = 1;
			remoteGlobalIDString = E16AEFBA46E072B82379FD61;
			remoteInfo = Shared;
		};
		CEC6A31D032322C5E147EAF4 /* PBXContainerItemProxy */ = {
			isa = PBXContainerItemProxy;
			containerPortal = E9B79A3396A25789279CF522 /* Project object */;
			proxyType = 1;
			remoteGlobalIDString = E16AEFBA46E072B82379FD61;
			remoteInfo = Shared;
		};
		E7125C188F94332E029C765D /* PBXContainerItemProxy */ = {
			isa = PBXContainerItemProxy;
			containerPortal = E9B79A3396A25789279CF522 /* Project object */;
			proxyType = 1;
			remoteGlobalIDString = E16AEFBA46E072B82379FD61;
			remoteInfo = Shared;
		};
		F6B1CFF16763984E0411A715 /* PBXContainerItemProxy */ = {
			isa = PBXContainerItemProxy;
			containerPortal = E9B79A3396A25789279CF522 /* Project object */;
			proxyType = 1;
			remoteGlobalIDString = A1B6543AD3591FC7B05E9119;
			remoteInfo = Fitculator;
		};
		FC5EBBDD27E2C571019398D7 /* PBXContainerItemProxy */ = {
			isa = PBXContainerItemProxy;
			containerPortal = E9B79A3396A25789279CF522 /* Project object */;
			proxyType = 1;
			remoteGlobalIDString = 4CE2A6F004F6900451FFC223;
			remoteInfo = Features;
		};
/* End PBXContainerItemProxy section */

/* Begin PBXCopyFilesBuildPhase section */
		7F837C5EA2574CA2C1A30BDC /* Embed Frameworks */ = {
			isa = PBXCopyFilesBuildPhase;
			buildActionMask = 2147483647;
			dstPath = "";
			dstSubfolderSpec = 10;
			files = (
			);
			name = "Embed Frameworks";
			runOnlyForDeploymentPostprocessing = 0;
		};
		8EA1984CAD0123CC03C647FC /* Embed Frameworks */ = {
			isa = PBXCopyFilesBuildPhase;
			buildActionMask = 2147483647;
			dstPath = "";
			dstSubfolderSpec = 10;
			files = (
			);
			name = "Embed Frameworks";
			runOnlyForDeploymentPostprocessing = 0;
		};
		975D413B0C3261F189C504DE /* Embed Frameworks */ = {
			isa = PBXCopyFilesBuildPhase;
			buildActionMask = 2147483647;
			dstPath = "";
			dstSubfolderSpec = 10;
			files = (
			);
			name = "Embed Frameworks";
			runOnlyForDeploymentPostprocessing = 0;
		};
		AFD29C199817902D5AF57FA1 /* Embed Frameworks */ = {
			isa = PBXCopyFilesBuildPhase;
			buildActionMask = 2147483647;
			dstPath = "";
			dstSubfolderSpec = 10;
			files = (
			);
			name = "Embed Frameworks";
			runOnlyForDeploymentPostprocessing = 0;
		};
		C5FF8FCC9A9249636E2830DC /* Embed Frameworks */ = {
			isa = PBXCopyFilesBuildPhase;
			buildActionMask = 2147483647;
			dstPath = "";
			dstSubfolderSpec = 10;
			files = (
				D93E8C64DB207CDC0A7DD590 /* Alamofire.framework in Embed Frameworks */,
				F8FE9FF6BA17A864E2C0FF0A /* Core.framework in Embed Frameworks */,
				4E8CFDBDE82B4B7AD4232712 /* Features.framework in Embed Frameworks */,
				919B706519A36F97D084B822 /* Kingfisher.framework in Embed Frameworks */,
				082C74F34E48283E0C54591D /* Shared.framework in Embed Frameworks */,
			);
			name = "Embed Frameworks";
			runOnlyForDeploymentPostprocessing = 0;
		};
/* End PBXCopyFilesBuildPhase section */

/* Begin PBXFileReference section */
		022693F41000C8D51E5E8A5B /* PlaceHolder2.swift */ = {isa = PBXFileReference; lastKnownFileType = sourcecode.swift; path = PlaceHolder2.swift; sourceTree = "<group>"; };
		03FAB010C6A96D03CCDB4DFF /* Features-Info.plist */ = {isa = PBXFileReference; lastKnownFileType = text.plist; path = "Features-Info.plist"; sourceTree = "<group>"; };
		0B4BF2CD4B2DC7C15523D733 /* PlaceHolder10.swift */ = {isa = PBXFileReference; lastKnownFileType = sourcecode.swift; path = PlaceHolder10.swift; sourceTree = "<group>"; };
		0B7B4BDD3D8AF09B554B0199 /* TuistAssets+Fitculator.swift */ = {isa = PBXFileReference; lastKnownFileType = sourcecode.swift; path = "TuistAssets+Fitculator.swift"; sourceTree = "<group>"; };
		0BE29A63A32F6582D58A4770 /* PlaceHolder9.swift */ = {isa = PBXFileReference; lastKnownFileType = sourcecode.swift; path = PlaceHolder9.swift; sourceTree = "<group>"; };
		1450FAB189DF5C924407A745 /* PlaceHolder4.swift */ = {isa = PBXFileReference; lastKnownFileType = sourcecode.swift; path = PlaceHolder4.swift; sourceTree = "<group>"; };
		18A440168BB14D1002CBE56A /* FitculatorTests-Info.plist */ = {isa = PBXFileReference; lastKnownFileType = text.plist; path = "FitculatorTests-Info.plist"; sourceTree = "<group>"; };
		22BD8E6840A94BFF4028C18C /* Fitculator-Info.plist */ = {isa = PBXFileReference; lastKnownFileType = text.plist; path = "Fitculator-Info.plist"; sourceTree = "<group>"; };
		2AAB56C0618FFBC803293FFA /* PlaceHolder1.swift */ = {isa = PBXFileReference; lastKnownFileType = sourcecode.swift; path = PlaceHolder1.swift; sourceTree = "<group>"; };
		382EBF5BA0DF8712B91079A1 /* Assets.xcassets */ = {isa = PBXFileReference; lastKnownFileType = folder.assetcatalog; path = Assets.xcassets; sourceTree = "<group>"; };
		3D73F3764EA91F04800B82D5 /* PlaceHolder16.swift */ = {isa = PBXFileReference; lastKnownFileType = sourcecode.swift; path = PlaceHolder16.swift; sourceTree = "<group>"; };
		3E59170F5F18E759A6E4FF79 /* PlaceHolder15.swift */ = {isa = PBXFileReference; lastKnownFileType = sourcecode.swift; path = PlaceHolder15.swift; sourceTree = "<group>"; };
		45BC486DDEB75B215BDF793E /* PlaceHolder11.swift */ = {isa = PBXFileReference; lastKnownFileType = sourcecode.swift; path = PlaceHolder11.swift; sourceTree = "<group>"; };
		4C51E2BB9887E1626E489367 /* Core-Info.plist */ = {isa = PBXFileReference; lastKnownFileType = text.plist; path = "Core-Info.plist"; sourceTree = "<group>"; };
		4DE8ABAE8F4A1650FBA2CABC /* PlaceHolder8.swift */ = {isa = PBXFileReference; lastKnownFileType = sourcecode.swift; path = PlaceHolder8.swift; sourceTree = "<group>"; };
		54FF6E3909773921ECA58109 /* Shared-Info.plist */ = {isa = PBXFileReference; lastKnownFileType = text.plist; path = "Shared-Info.plist"; sourceTree = "<group>"; };
		5D7A7DC8A4BE1BD00B39E5C7 /* PlaceHolder13.swift */ = {isa = PBXFileReference; lastKnownFileType = sourcecode.swift; path = PlaceHolder13.swift; sourceTree = "<group>"; };
		64C50367FE431BCA92F2683B /* PlaceHolder3.swift */ = {isa = PBXFileReference; lastKnownFileType = sourcecode.swift; path = PlaceHolder3.swift; sourceTree = "<group>"; };
		6C6DD994C6A91E8870CE8A17 /* TuistBundle+Fitculator.swift */ = {isa = PBXFileReference; lastKnownFileType = sourcecode.swift; path = "TuistBundle+Fitculator.swift"; sourceTree = "<group>"; };
		740851605AFA51EF8764D194 /* Kingfisher.framework */ = {isa = PBXFileReference; explicitFileType = wrapper.framework; includeInIndex = 0; path = Kingfisher.framework; sourceTree = BUILT_PRODUCTS_DIR; };
		74523276C202800AC5899E15 /* FitculatorApp.swift */ = {isa = PBXFileReference; lastKnownFileType = sourcecode.swift; path = FitculatorApp.swift; sourceTree = "<group>"; };
		7F215F7BB2BC22395F9F0064 /* FitculatorTests.xctest */ = {isa = PBXFileReference; explicitFileType = wrapper.cfbundle; includeInIndex = 0; path = FitculatorTests.xctest; sourceTree = BUILT_PRODUCTS_DIR; };
		87D2C8FBEDAFBD1D94AB1AB3 /* PlaceHolder7.swift */ = {isa = PBXFileReference; lastKnownFileType = sourcecode.swift; path = PlaceHolder7.swift; sourceTree = "<group>"; };
		88AC3F6D546B24A0D55F2F60 /* PlaceHolder14.swift */ = {isa = PBXFileReference; lastKnownFileType = sourcecode.swift; path = PlaceHolder14.swift; sourceTree = "<group>"; };
		8B091ABEDC87EB5B7BE0D441 /* PlaceHolder5.swift */ = {isa = PBXFileReference; lastKnownFileType = sourcecode.swift; path = PlaceHolder5.swift; sourceTree = "<group>"; };
		8EE155CEEF7F5897A826509C /* Alamofire.framework */ = {isa = PBXFileReference; explicitFileType = wrapper.framework; includeInIndex = 0; path = Alamofire.framework; sourceTree = BUILT_PRODUCTS_DIR; };
		8F9E31ED9239B391204A7EFA /* PlaceHolder20.swift */ = {isa = PBXFileReference; lastKnownFileType = sourcecode.swift; path = PlaceHolder20.swift; sourceTree = "<group>"; };
		9CD1B281EC7C33795487A52C /* PlaceHolder6.swift */ = {isa = PBXFileReference; lastKnownFileType = sourcecode.swift; path = PlaceHolder6.swift; sourceTree = "<group>"; };
		9E71C382DBBE44C3535248B5 /* ContentView.swift */ = {isa = PBXFileReference; lastKnownFileType = sourcecode.swift; path = ContentView.swift; sourceTree = "<group>"; };
		A4D2AA5B61425F20CEFE244D /* PlaceHolder18.swift */ = {isa = PBXFileReference; lastKnownFileType = sourcecode.swift; path = PlaceHolder18.swift; sourceTree = "<group>"; };
		ACD94024AD2F61D403E2678B /* FitculatorTests.swift */ = {isa = PBXFileReference; lastKnownFileType = sourcecode.swift; path = FitculatorTests.swift; sourceTree = "<group>"; };
		AF07E5582D5EC68B002F842F /* MyExerciseListView.swift */ = {isa = PBXFileReference; lastKnownFileType = sourcecode.swift; path = MyExerciseListView.swift; sourceTree = "<group>"; };
		BDA14826C4C0A13CAF29FE80 /* Features.framework */ = {isa = PBXFileReference; explicitFileType = wrapper.framework; includeInIndex = 0; path = Features.framework; sourceTree = BUILT_PRODUCTS_DIR; };
		C598175FD8176FC31EEBAE00 /* Shared.framework */ = {isa = PBXFileReference; explicitFileType = wrapper.framework; includeInIndex = 0; path = Shared.framework; sourceTree = BUILT_PRODUCTS_DIR; };
		C72D7189546EBCBC884DEE1A /* PlaceHolder12.swift */ = {isa = PBXFileReference; lastKnownFileType = sourcecode.swift; path = PlaceHolder12.swift; sourceTree = "<group>"; };
		EA44071F4B25B00754C110CE /* PlaceHolder17.swift */ = {isa = PBXFileReference; lastKnownFileType = sourcecode.swift; path = PlaceHolder17.swift; sourceTree = "<group>"; };
		EF1BF04FB1A65FE8765B4D92 /* PlaceHolder21.swift */ = {isa = PBXFileReference; lastKnownFileType = sourcecode.swift; path = PlaceHolder21.swift; sourceTree = "<group>"; };
		F09357C91C59896603663E4A /* PlaceHolder19.swift */ = {isa = PBXFileReference; lastKnownFileType = sourcecode.swift; path = PlaceHolder19.swift; sourceTree = "<group>"; };
		F2AA4B9AE9AE9FFD43A08E95 /* Core.framework */ = {isa = PBXFileReference; explicitFileType = wrapper.framework; includeInIndex = 0; path = Core.framework; sourceTree = BUILT_PRODUCTS_DIR; };
		F516C3E6797CDFE1DE536A23 /* Preview Assets.xcassets */ = {isa = PBXFileReference; lastKnownFileType = folder.assetcatalog; path = "Preview Assets.xcassets"; sourceTree = "<group>"; };
		FEF3CC56035865C02D41340F /* Fitculator.app */ = {isa = PBXFileReference; explicitFileType = wrapper.application; includeInIndex = 0; path = Fitculator.app; sourceTree = BUILT_PRODUCTS_DIR; };
/* End PBXFileReference section */

/* Begin PBXFrameworksBuildPhase section */
		1AD31DD5902EF5F1F5B52E30 /* Frameworks */ = {
			isa = PBXFrameworksBuildPhase;
			buildActionMask = 2147483647;
			files = (
			);
			runOnlyForDeploymentPostprocessing = 0;
		};
		83046CA933A0BC86870922FD /* Frameworks */ = {
			isa = PBXFrameworksBuildPhase;
			buildActionMask = 2147483647;
			files = (
				B4F9EF1915E66AF8AE7859F8 /* Alamofire.framework in Frameworks */,
				4F9DAB0F58B783B496DE44F9 /* Shared.framework in Frameworks */,
			);
			runOnlyForDeploymentPostprocessing = 0;
		};
		8F31B8EB2064FAFB4FBC8DEB /* Frameworks */ = {
			isa = PBXFrameworksBuildPhase;
			buildActionMask = 2147483647;
			files = (
				466F08534215DCE8442FBD24 /* Core.framework in Frameworks */,
				CE4CAACE8CE6BC154DD64ABE /* Features.framework in Frameworks */,
				119EE8D7468CC8E3845CE358 /* Shared.framework in Frameworks */,
			);
			runOnlyForDeploymentPostprocessing = 0;
		};
		9072843C9B11E4E2D49C4263 /* Frameworks */ = {
			isa = PBXFrameworksBuildPhase;
			buildActionMask = 2147483647;
			files = (
			);
			runOnlyForDeploymentPostprocessing = 0;
		};
		931757DD9080E2EF738405C6 /* Frameworks */ = {
			isa = PBXFrameworksBuildPhase;
			buildActionMask = 2147483647;
			files = (
				AF2B715CF238B69E7E4BB3F5 /* Core.framework in Frameworks */,
				A865E4D4F9C693B61AAD1A38 /* Kingfisher.framework in Frameworks */,
				DF0B9AB0EB8794B748AE1285 /* Shared.framework in Frameworks */,
			);
			runOnlyForDeploymentPostprocessing = 0;
		};
/* End PBXFrameworksBuildPhase section */

/* Begin PBXGroup section */
		0B73D37FE557F60794FD6BE3 /* Resources */ = {
			isa = PBXGroup;
			children = (
				45BC486DDEB75B215BDF793E /* PlaceHolder11.swift */,
			);
			path = Resources;
			sourceTree = "<group>";
		};
		0E02D412F849B66ABF9610D7 /* Sources */ = {
			isa = PBXGroup;
			children = (
				9E71C382DBBE44C3535248B5 /* ContentView.swift */,
				74523276C202800AC5899E15 /* FitculatorApp.swift */,
			);
			path = Sources;
			sourceTree = "<group>";
		};
		131CDCB8213F07BAFDBD9FDA /* Utils */ = {
			isa = PBXGroup;
			children = (
				1450FAB189DF5C924407A745 /* PlaceHolder4.swift */,
			);
			path = Utils;
			sourceTree = "<group>";
		};
		1702B6E34BE46E00FB28FCE1 = {
			isa = PBXGroup;
			children = (
				B8B8D53C7F6C2178D25AF782 /* Project */,
				7AF73C049A14DDC33DF795B7 /* Products */,
			);
			indentWidth = 4;
			sourceTree = "<group>";
			tabWidth = 4;
			usesTabs = 0;
		};
		17B82D205AC9FAEF78AAB275 /* Shared */ = {
			isa = PBXGroup;
			children = (
				77DB921DD38DF14C1F533838 /* DesignSystem */,
				75C7A9034F1E9DA17E4F3723 /* Localization */,
			);
			path = Shared;
			sourceTree = "<group>";
		};
		1E3B8099BEE17D9390A27EC4 /* Resources */ = {
			isa = PBXGroup;
			children = (
				88AC3F6D546B24A0D55F2F60 /* PlaceHolder14.swift */,
			);
			path = Resources;
			sourceTree = "<group>";
		};
		2AA2271760EC4165B966CE79 /* Tests */ = {
			isa = PBXGroup;
			children = (
				3D73F3764EA91F04800B82D5 /* PlaceHolder16.swift */,
			);
			path = Tests;
			sourceTree = "<group>";
		};
		34814AC4544D5D41C9D0CD94 /* Tests */ = {
			isa = PBXGroup;
			children = (
				0B4BF2CD4B2DC7C15523D733 /* PlaceHolder10.swift */,
			);
			path = Tests;
			sourceTree = "<group>";
		};
		3DE9BA08861F18B8DC125B2F /* Resources */ = {
			isa = PBXGroup;
			children = (
				8B091ABEDC87EB5B7BE0D441 /* PlaceHolder5.swift */,
			);
			path = Resources;
			sourceTree = "<group>";
		};
		3E495C661B9551EF6CF1FE81 /* Tests */ = {
			isa = PBXGroup;
			children = (
				87D2C8FBEDAFBD1D94AB1AB3 /* PlaceHolder7.swift */,
			);
			path = Tests;
			sourceTree = "<group>";
		};
		45EF778BBF3E4FD63290F545 /* Resources */ = {
			isa = PBXGroup;
			children = (
				EA44071F4B25B00754C110CE /* PlaceHolder17.swift */,
			);
			path = Resources;
			sourceTree = "<group>";
		};
		4B586016FD6A150B1AFB1525 /* Tests */ = {
			isa = PBXGroup;
			children = (
				5D7A7DC8A4BE1BD00B39E5C7 /* PlaceHolder13.swift */,
			);
			path = Tests;
			sourceTree = "<group>";
		};
		641E66765AA48B8C5C270875 /* Tests */ = {
			isa = PBXGroup;
			children = (
				F09357C91C59896603663E4A /* PlaceHolder19.swift */,
			);
			path = Tests;
			sourceTree = "<group>";
		};
		75C7A9034F1E9DA17E4F3723 /* Localization */ = {
			isa = PBXGroup;
			children = (
				EF1BF04FB1A65FE8765B4D92 /* PlaceHolder21.swift */,
			);
			path = Localization;
			sourceTree = "<group>";
		};
		77DB921DD38DF14C1F533838 /* DesignSystem */ = {
			isa = PBXGroup;
			children = (
				8F9E31ED9239B391204A7EFA /* PlaceHolder20.swift */,
			);
			path = DesignSystem;
			sourceTree = "<group>";
		};
		79B81C0F2E42A9DFBE06A1BE /* Network */ = {
			isa = PBXGroup;
			children = (
				022693F41000C8D51E5E8A5B /* PlaceHolder2.swift */,
			);
			path = Network;
			sourceTree = "<group>";
		};
		79D4764A9F4084904B3501C5 /* Profile */ = {
			isa = PBXGroup;
			children = (
				45EF778BBF3E4FD63290F545 /* Resources */,
				BCA30440285EF04E21764400 /* Sources */,
				641E66765AA48B8C5C270875 /* Tests */,
			);
			path = Profile;
			sourceTree = "<group>";
		};
		7AF73C049A14DDC33DF795B7 /* Products */ = {
			isa = PBXGroup;
			children = (
				8EE155CEEF7F5897A826509C /* Alamofire.framework */,
				F2AA4B9AE9AE9FFD43A08E95 /* Core.framework */,
				BDA14826C4C0A13CAF29FE80 /* Features.framework */,
				FEF3CC56035865C02D41340F /* Fitculator.app */,
				7F215F7BB2BC22395F9F0064 /* FitculatorTests.xctest */,
				740851605AFA51EF8764D194 /* Kingfisher.framework */,
				C598175FD8176FC31EEBAE00 /* Shared.framework */,
			);
			name = Products;
			sourceTree = "<group>";
		};
		81910D70B4DB08F03EF3C6B1 /* Core */ = {
			isa = PBXGroup;
			children = (
				CE41F2D009A88C91F67DDA7F /* Models */,
				79B81C0F2E42A9DFBE06A1BE /* Network */,
				C747B540D92B129975F3DAE9 /* UIComponents */,
				131CDCB8213F07BAFDBD9FDA /* Utils */,
			);
			path = Core;
			sourceTree = "<group>";
		};
		83D73C7517A95BE65A5F6080 /* Feed */ = {
			isa = PBXGroup;
			children = (
				0B73D37FE557F60794FD6BE3 /* Resources */,
				FE3EDCCB824EB137D953C83B /* Sources */,
				4B586016FD6A150B1AFB1525 /* Tests */,
			);
			path = Feed;
			sourceTree = "<group>";
		};
		83EE66AC2B1A33157118186C /* Sources */ = {
			isa = PBXGroup;
			children = (
				AF07E5562D5EC60D002F842F /* Views */,
				3E59170F5F18E759A6E4FF79 /* PlaceHolder15.swift */,
			);
			path = Sources;
			sourceTree = "<group>";
		};
		94EDC716CDB4B40980B8F405 /* Derived */ = {
			isa = PBXGroup;
			children = (
				FC77315FBC59BD76B7F09A64 /* InfoPlists */,
				BEBA38091098B337572519E5 /* Sources */,
			);
			path = Derived;
			sourceTree = "<group>";
		};
		95652CCE85E61C904D860A27 /* Tests */ = {
			isa = PBXGroup;
			children = (
				ACD94024AD2F61D403E2678B /* FitculatorTests.swift */,
			);
			path = Tests;
			sourceTree = "<group>";
		};
		A36F07B329D572F1E3BD646C /* Sources */ = {
			isa = PBXGroup;
			children = (
				0BE29A63A32F6582D58A4770 /* PlaceHolder9.swift */,
			);
			path = Sources;
			sourceTree = "<group>";
		};
		A76F7BCD6321740A52BC4251 /* Sources */ = {
			isa = PBXGroup;
			children = (
				9CD1B281EC7C33795487A52C /* PlaceHolder6.swift */,
			);
			path = Sources;
			sourceTree = "<group>";
		};
		AA0837D1150AB88648D82D8F /* Community */ = {
			isa = PBXGroup;
			children = (
				ED765B0F9D64FE19523BFA42 /* Resources */,
				A36F07B329D572F1E3BD646C /* Sources */,
				34814AC4544D5D41C9D0CD94 /* Tests */,
			);
			path = Community;
			sourceTree = "<group>";
		};
		ABA13C8700F82A07CD130D47 /* Features */ = {
			isa = PBXGroup;
			children = (
				E14CC95DA58DEBAE13EF5F73 /* Add */,
				AA0837D1150AB88648D82D8F /* Community */,
				83D73C7517A95BE65A5F6080 /* Feed */,
				E9996BE94DAD9E4970D712FA /* Home */,
				79D4764A9F4084904B3501C5 /* Profile */,
			);
			path = Features;
			sourceTree = "<group>";
		};
		AF07E5562D5EC60D002F842F /* Views */ = {
			isa = PBXGroup;
			children = (
				AF07E5582D5EC68B002F842F /* MyExerciseListView.swift */,
			);
			path = Views;
			sourceTree = "<group>";
		};
		B0292ED81FD60E1E490CDE4F /* Resources */ = {
			isa = PBXGroup;
			children = (
				EBAB9BCE19A2EF1C33BB949B /* Preview Content */,
				382EBF5BA0DF8712B91079A1 /* Assets.xcassets */,
			);
			path = Resources;
			sourceTree = "<group>";
		};
		B8B8D53C7F6C2178D25AF782 /* Project */ = {
			isa = PBXGroup;
			children = (
				81910D70B4DB08F03EF3C6B1 /* Core */,
				94EDC716CDB4B40980B8F405 /* Derived */,
				ABA13C8700F82A07CD130D47 /* Features */,
				FFFF027E2BE1A38E252DA62D /* Fitculator */,
				17B82D205AC9FAEF78AAB275 /* Shared */,
			);
			name = Project;
			sourceTree = "<group>";
		};
		BCA30440285EF04E21764400 /* Sources */ = {
			isa = PBXGroup;
			children = (
				A4D2AA5B61425F20CEFE244D /* PlaceHolder18.swift */,
			);
			path = Sources;
			sourceTree = "<group>";
		};
		BEBA38091098B337572519E5 /* Sources */ = {
			isa = PBXGroup;
			children = (
				0B7B4BDD3D8AF09B554B0199 /* TuistAssets+Fitculator.swift */,
				6C6DD994C6A91E8870CE8A17 /* TuistBundle+Fitculator.swift */,
			);
			path = Sources;
			sourceTree = "<group>";
		};
		C747B540D92B129975F3DAE9 /* UIComponents */ = {
			isa = PBXGroup;
			children = (
				64C50367FE431BCA92F2683B /* PlaceHolder3.swift */,
			);
			path = UIComponents;
			sourceTree = "<group>";
		};
		CE41F2D009A88C91F67DDA7F /* Models */ = {
			isa = PBXGroup;
			children = (
				2AAB56C0618FFBC803293FFA /* PlaceHolder1.swift */,
			);
			path = Models;
			sourceTree = "<group>";
		};
		E14CC95DA58DEBAE13EF5F73 /* Add */ = {
			isa = PBXGroup;
			children = (
				3DE9BA08861F18B8DC125B2F /* Resources */,
				A76F7BCD6321740A52BC4251 /* Sources */,
				3E495C661B9551EF6CF1FE81 /* Tests */,
			);
			path = Add;
			sourceTree = "<group>";
		};
		E9996BE94DAD9E4970D712FA /* Home */ = {
			isa = PBXGroup;
			children = (
				1E3B8099BEE17D9390A27EC4 /* Resources */,
				83EE66AC2B1A33157118186C /* Sources */,
				2AA2271760EC4165B966CE79 /* Tests */,
			);
			path = Home;
			sourceTree = "<group>";
		};
		EBAB9BCE19A2EF1C33BB949B /* Preview Content */ = {
			isa = PBXGroup;
			children = (
				F516C3E6797CDFE1DE536A23 /* Preview Assets.xcassets */,
			);
			path = "Preview Content";
			sourceTree = "<group>";
		};
		ED765B0F9D64FE19523BFA42 /* Resources */ = {
			isa = PBXGroup;
			children = (
				4DE8ABAE8F4A1650FBA2CABC /* PlaceHolder8.swift */,
			);
			path = Resources;
			sourceTree = "<group>";
		};
		FC77315FBC59BD76B7F09A64 /* InfoPlists */ = {
			isa = PBXGroup;
			children = (
				4C51E2BB9887E1626E489367 /* Core-Info.plist */,
				03FAB010C6A96D03CCDB4DFF /* Features-Info.plist */,
				22BD8E6840A94BFF4028C18C /* Fitculator-Info.plist */,
				18A440168BB14D1002CBE56A /* FitculatorTests-Info.plist */,
				54FF6E3909773921ECA58109 /* Shared-Info.plist */,
			);
			path = InfoPlists;
			sourceTree = "<group>";
		};
		FE3EDCCB824EB137D953C83B /* Sources */ = {
			isa = PBXGroup;
			children = (
				C72D7189546EBCBC884DEE1A /* PlaceHolder12.swift */,
			);
			path = Sources;
			sourceTree = "<group>";
		};
		FFFF027E2BE1A38E252DA62D /* Fitculator */ = {
			isa = PBXGroup;
			children = (
				B0292ED81FD60E1E490CDE4F /* Resources */,
				0E02D412F849B66ABF9610D7 /* Sources */,
				95652CCE85E61C904D860A27 /* Tests */,
			);
			path = Fitculator;
			sourceTree = "<group>";
		};
/* End PBXGroup section */

/* Begin PBXNativeTarget section */
		4CE2A6F004F6900451FFC223 /* Features */ = {
			isa = PBXNativeTarget;
			buildConfigurationList = F530CFA295FD9F9790417DCC /* Build configuration list for PBXNativeTarget "Features" */;
			buildPhases = (
				FF6690CD37946AD39560E448 /* Sources */,
				B1E61863D0819DFDEE80E9D5 /* Resources */,
				931757DD9080E2EF738405C6 /* Frameworks */,
				7F837C5EA2574CA2C1A30BDC /* Embed Frameworks */,
			);
			buildRules = (
			);
			dependencies = (
				B3EB47A47958378A30B31321 /* PBXTargetDependency */,
				F29A5FD5D124A99B9DA7BB5D /* PBXTargetDependency */,
			);
			name = Features;
			packageProductDependencies = (
			);
			productName = Features;
			productReference = BDA14826C4C0A13CAF29FE80 /* Features.framework */;
			productType = "com.apple.product-type.framework";
		};
		6D458538E2B45CC1698FA2E7 /* Core */ = {
			isa = PBXNativeTarget;
			buildConfigurationList = 6EDE031C71A5BABCCE2EB529 /* Build configuration list for PBXNativeTarget "Core" */;
			buildPhases = (
				3084DE101B2CAE53807881D5 /* Sources */,
				0159156D473A761BDF327C67 /* Resources */,
				83046CA933A0BC86870922FD /* Frameworks */,
				AFD29C199817902D5AF57FA1 /* Embed Frameworks */,
			);
			buildRules = (
			);
			dependencies = (
				B23E400FFF87CDF28A42F1E3 /* PBXTargetDependency */,
			);
			name = Core;
			packageProductDependencies = (
			);
			productName = Core;
			productReference = F2AA4B9AE9AE9FFD43A08E95 /* Core.framework */;
			productType = "com.apple.product-type.framework";
		};
		A1B6543AD3591FC7B05E9119 /* Fitculator */ = {
			isa = PBXNativeTarget;
			buildConfigurationList = 09D9FADBDEECC0BD59C266C5 /* Build configuration list for PBXNativeTarget "Fitculator" */;
			buildPhases = (
				706FA06AE4C3407D1846103D /* Sources */,
				3D956AFB2FFB810ADC423031 /* Resources */,
				8F31B8EB2064FAFB4FBC8DEB /* Frameworks */,
				C5FF8FCC9A9249636E2830DC /* Embed Frameworks */,
			);
			buildRules = (
			);
			dependencies = (
				89950D2969C123C5B427086B /* PBXTargetDependency */,
				3BA6E64D3AF683B422B4ADE0 /* PBXTargetDependency */,
				39A8756C52D3AB97E879A76F /* PBXTargetDependency */,
			);
			name = Fitculator;
			packageProductDependencies = (
			);
			productName = Fitculator;
			productReference = FEF3CC56035865C02D41340F /* Fitculator.app */;
			productType = "com.apple.product-type.application";
		};
		BC20136E5994C10031182FB7 /* FitculatorTests */ = {
			isa = PBXNativeTarget;
			buildConfigurationList = 9867F41BBACCFEAB0CB63B08 /* Build configuration list for PBXNativeTarget "FitculatorTests" */;
			buildPhases = (
				D320E86267FBD764D002C851 /* Sources */,
				C8441497895F413ECBC886E4 /* Resources */,
				9072843C9B11E4E2D49C4263 /* Frameworks */,
				975D413B0C3261F189C504DE /* Embed Frameworks */,
			);
			buildRules = (
			);
			dependencies = (
				658F38B7D2DF7EA73FE19F25 /* PBXTargetDependency */,
			);
			name = FitculatorTests;
			packageProductDependencies = (
			);
			productName = FitculatorTests;
			productReference = 7F215F7BB2BC22395F9F0064 /* FitculatorTests.xctest */;
			productType = "com.apple.product-type.bundle.unit-test";
		};
		E16AEFBA46E072B82379FD61 /* Shared */ = {
			isa = PBXNativeTarget;
			buildConfigurationList = 68453F8EC31BD541DB9C4B10 /* Build configuration list for PBXNativeTarget "Shared" */;
			buildPhases = (
				1F0BA16CBB09000009E4768B /* Sources */,
				44B6A94E0881ED03CB66ED13 /* Resources */,
				1AD31DD5902EF5F1F5B52E30 /* Frameworks */,
				8EA1984CAD0123CC03C647FC /* Embed Frameworks */,
			);
			buildRules = (
			);
			dependencies = (
			);
			name = Shared;
			packageProductDependencies = (
			);
			productName = Shared;
			productReference = C598175FD8176FC31EEBAE00 /* Shared.framework */;
			productType = "com.apple.product-type.framework";
		};
/* End PBXNativeTarget section */

/* Begin PBXProject section */
		E9B79A3396A25789279CF522 /* Project object */ = {
			isa = PBXProject;
			attributes = {
				BuildIndependentTargetsInParallel = YES;
				TargetAttributes = {
					BC20136E5994C10031182FB7 = {
						TestTargetID = A1B6543AD3591FC7B05E9119;
					};
				};
			};
			buildConfigurationList = 161B999A06FF1FECA41CE4EE /* Build configuration list for PBXProject "Fitculator" */;
			compatibilityVersion = "Xcode 14.0";
			developmentRegion = ko;
			hasScannedForEncodings = 0;
			knownRegions = (
				en,
				ko,
			);
			mainGroup = 1702B6E34BE46E00FB28FCE1;
			productRefGroup = 7AF73C049A14DDC33DF795B7 /* Products */;
			projectDirPath = "";
			projectRoot = "";
			targets = (
				6D458538E2B45CC1698FA2E7 /* Core */,
				4CE2A6F004F6900451FFC223 /* Features */,
				A1B6543AD3591FC7B05E9119 /* Fitculator */,
				BC20136E5994C10031182FB7 /* FitculatorTests */,
				E16AEFBA46E072B82379FD61 /* Shared */,
			);
		};
/* End PBXProject section */

/* Begin PBXResourcesBuildPhase section */
		0159156D473A761BDF327C67 /* Resources */ = {
			isa = PBXResourcesBuildPhase;
			buildActionMask = 2147483647;
			files = (
			);
			runOnlyForDeploymentPostprocessing = 0;
		};
		3D956AFB2FFB810ADC423031 /* Resources */ = {
			isa = PBXResourcesBuildPhase;
			buildActionMask = 2147483647;
			files = (
				A4AEE7826083957801F48735 /* Assets.xcassets in Resources */,
				CEA80309689EA51340F44FC2 /* Preview Assets.xcassets in Resources */,
			);
			runOnlyForDeploymentPostprocessing = 0;
		};
		44B6A94E0881ED03CB66ED13 /* Resources */ = {
			isa = PBXResourcesBuildPhase;
			buildActionMask = 2147483647;
			files = (
			);
			runOnlyForDeploymentPostprocessing = 0;
		};
		B1E61863D0819DFDEE80E9D5 /* Resources */ = {
			isa = PBXResourcesBuildPhase;
			buildActionMask = 2147483647;
			files = (
			);
			runOnlyForDeploymentPostprocessing = 0;
		};
		C8441497895F413ECBC886E4 /* Resources */ = {
			isa = PBXResourcesBuildPhase;
			buildActionMask = 2147483647;
			files = (
			);
			runOnlyForDeploymentPostprocessing = 0;
		};
/* End PBXResourcesBuildPhase section */

/* Begin PBXSourcesBuildPhase section */
		1F0BA16CBB09000009E4768B /* Sources */ = {
			isa = PBXSourcesBuildPhase;
			buildActionMask = 2147483647;
			files = (
				9FABD95B89D26D9A14460D4E /* PlaceHolder20.swift in Sources */,
				9D0FCBBF092E9B632C66DFD7 /* PlaceHolder21.swift in Sources */,
			);
			runOnlyForDeploymentPostprocessing = 0;
		};
		3084DE101B2CAE53807881D5 /* Sources */ = {
			isa = PBXSourcesBuildPhase;
			buildActionMask = 2147483647;
			files = (
				258679D0F67E883C77F1DE8D /* PlaceHolder1.swift in Sources */,
				40C199B4FD1260F6332F12F0 /* PlaceHolder2.swift in Sources */,
				64AD25F29106D9CEFA51B7E5 /* PlaceHolder3.swift in Sources */,
				CBD3D09A57FADEFCDC2C66B9 /* PlaceHolder4.swift in Sources */,
			);
			runOnlyForDeploymentPostprocessing = 0;
		};
		706FA06AE4C3407D1846103D /* Sources */ = {
			isa = PBXSourcesBuildPhase;
			buildActionMask = 2147483647;
			files = (
				0F0CBA5C53095A611A13478A /* TuistAssets+Fitculator.swift in Sources */,
				E77EA43881FF0F4CF36E140B /* TuistBundle+Fitculator.swift in Sources */,
				B6EDDFDC98CFD5D2D54C4116 /* ContentView.swift in Sources */,
				BFFCC02765A803BB4588BBD8 /* FitculatorApp.swift in Sources */,
			);
			runOnlyForDeploymentPostprocessing = 0;
		};
		D320E86267FBD764D002C851 /* Sources */ = {
			isa = PBXSourcesBuildPhase;
			buildActionMask = 2147483647;
			files = (
				53494343A90D740D59781D57 /* FitculatorTests.swift in Sources */,
			);
			runOnlyForDeploymentPostprocessing = 0;
		};
		FF6690CD37946AD39560E448 /* Sources */ = {
			isa = PBXSourcesBuildPhase;
			buildActionMask = 2147483647;
			files = (
				0D6E356165DDBD71675B36A1 /* PlaceHolder5.swift in Sources */,
				C14212FF76C1C437B9B5920B /* PlaceHolder6.swift in Sources */,
				FE3B2C70D8E4080F86C139C8 /* PlaceHolder7.swift in Sources */,
				C10666CEC833C89AF7ADB02A /* PlaceHolder8.swift in Sources */,
				5751A78CB91E6F9B2DB588A5 /* PlaceHolder9.swift in Sources */,
				BD0DF5C95C32C440EB2B7B98 /* PlaceHolder10.swift in Sources */,
				A7939FCE9D79E0C6832831F1 /* PlaceHolder11.swift in Sources */,
				3293AFB81CB2812F12390D16 /* PlaceHolder12.swift in Sources */,
				AF07E5592D5EC68B002F842F /* MyExerciseListView.swift in Sources */,
				BF7F1D8478DFFCB7F1F13821 /* PlaceHolder13.swift in Sources */,
				9100A56677A2F0586431F83E /* PlaceHolder14.swift in Sources */,
				A0B4A3D57C3946AAE25153E0 /* PlaceHolder15.swift in Sources */,
				FFE15E2DFB748820B253FD79 /* PlaceHolder16.swift in Sources */,
				D209B593FC0676C9F21C4198 /* PlaceHolder17.swift in Sources */,
				E07FBFB80FAF005DD4CC8BF6 /* PlaceHolder18.swift in Sources */,
				B904200FC9D5FEAD0625C55A /* PlaceHolder19.swift in Sources */,
			);
			runOnlyForDeploymentPostprocessing = 0;
		};
/* End PBXSourcesBuildPhase section */

/* Begin PBXTargetDependency section */
		39A8756C52D3AB97E879A76F /* PBXTargetDependency */ = {
			isa = PBXTargetDependency;
			name = Shared;
			target = E16AEFBA46E072B82379FD61 /* Shared */;
			targetProxy = CEC6A31D032322C5E147EAF4 /* PBXContainerItemProxy */;
		};
		3BA6E64D3AF683B422B4ADE0 /* PBXTargetDependency */ = {
			isa = PBXTargetDependency;
			name = Features;
			target = 4CE2A6F004F6900451FFC223 /* Features */;
			targetProxy = FC5EBBDD27E2C571019398D7 /* PBXContainerItemProxy */;
		};
		658F38B7D2DF7EA73FE19F25 /* PBXTargetDependency */ = {
			isa = PBXTargetDependency;
			name = Fitculator;
			target = A1B6543AD3591FC7B05E9119 /* Fitculator */;
			targetProxy = F6B1CFF16763984E0411A715 /* PBXContainerItemProxy */;
		};
		89950D2969C123C5B427086B /* PBXTargetDependency */ = {
			isa = PBXTargetDependency;
			name = Core;
			target = 6D458538E2B45CC1698FA2E7 /* Core */;
			targetProxy = 2B247E8875039E92FFB44880 /* PBXContainerItemProxy */;
		};
		B23E400FFF87CDF28A42F1E3 /* PBXTargetDependency */ = {
			isa = PBXTargetDependency;
			name = Shared;
			target = E16AEFBA46E072B82379FD61 /* Shared */;
			targetProxy = E7125C188F94332E029C765D /* PBXContainerItemProxy */;
		};
		B3EB47A47958378A30B31321 /* PBXTargetDependency */ = {
			isa = PBXTargetDependency;
			name = Core;
			target = 6D458538E2B45CC1698FA2E7 /* Core */;
			targetProxy = 0D2C71FEBA03D199ED3BE8AA /* PBXContainerItemProxy */;
		};
		F29A5FD5D124A99B9DA7BB5D /* PBXTargetDependency */ = {
			isa = PBXTargetDependency;
			name = Shared;
			target = E16AEFBA46E072B82379FD61 /* Shared */;
			targetProxy = 78A118EB18A1391703C00C71 /* PBXContainerItemProxy */;
		};
/* End PBXTargetDependency section */

/* Begin XCBuildConfiguration section */
		036DAF15934333B647E76DB2 /* Debug */ = {
			isa = XCBuildConfiguration;
			buildSettings = {
				CODE_SIGN_IDENTITY = "";
				CURRENT_PROJECT_VERSION = 1;
				DEFINES_MODULE = YES;
				DYLIB_COMPATIBILITY_VERSION = 1;
				DYLIB_CURRENT_VERSION = 1;
				DYLIB_INSTALL_NAME_BASE = "@rpath";
				INFOPLIST_FILE = "Derived/InfoPlists/Core-Info.plist";
				INSTALL_PATH = "$(LOCAL_LIBRARY_DIR)/Frameworks";
				IPHONEOS_DEPLOYMENT_TARGET = 16.6;
				LD_RUNPATH_SEARCH_PATHS = (
					"$(inherited)",
					"@executable_path/Frameworks",
					"@loader_path/Frameworks",
				);
				PRODUCT_BUNDLE_IDENTIFIER = io.fitculator.Fitculator.core;
				PRODUCT_NAME = Core;
				SDKROOT = iphoneos;
				SKIP_INSTALL = YES;
				SUPPORTS_MACCATALYST = NO;
				SUPPORTS_MAC_DESIGNED_FOR_IPHONE_IPAD = NO;
				SUPPORTS_XR_DESIGNED_FOR_IPHONE_IPAD = NO;
				SWIFT_ACTIVE_COMPILATION_CONDITIONS = "$(inherited) DEBUG";
				SWIFT_COMPILATION_MODE = singlefile;
				SWIFT_OPTIMIZATION_LEVEL = "-Onone";
				SWIFT_VERSION = 5.0;
				TARGETED_DEVICE_FAMILY = "1,2";
				VERSIONING_SYSTEM = "apple-generic";
				VERSION_INFO_PREFIX = "";
			};
			name = Debug;
		};
		06516D47A4C233D5F85FE156 /* Debug */ = {
			isa = XCBuildConfiguration;
			buildSettings = {
				BUNDLE_LOADER = "$(TEST_HOST)";
				CODE_SIGN_IDENTITY = "iPhone Developer";
				INFOPLIST_FILE = "Derived/InfoPlists/FitculatorTests-Info.plist";
				IPHONEOS_DEPLOYMENT_TARGET = 16.6;
				LD_RUNPATH_SEARCH_PATHS = (
					"$(inherited)",
					"@executable_path/Frameworks",
					"@loader_path/Frameworks",
				);
				PRODUCT_BUNDLE_IDENTIFIER = io.fitculator.FitculatorTests;
				PRODUCT_NAME = FitculatorTests;
				SDKROOT = iphoneos;
				SUPPORTS_MACCATALYST = NO;
				SUPPORTS_MAC_DESIGNED_FOR_IPHONE_IPAD = NO;
				SUPPORTS_XR_DESIGNED_FOR_IPHONE_IPAD = NO;
				SWIFT_ACTIVE_COMPILATION_CONDITIONS = "$(inherited) DEBUG";
				SWIFT_COMPILATION_MODE = singlefile;
				SWIFT_OPTIMIZATION_LEVEL = "-Onone";
				SWIFT_VERSION = 5.0;
				TARGETED_DEVICE_FAMILY = "1,2";
				TEST_HOST = "$(BUILT_PRODUCTS_DIR)/Fitculator.app/$(BUNDLE_EXECUTABLE_FOLDER_PATH)/Fitculator";
				TEST_TARGET_NAME = Fitculator;
			};
			name = Debug;
		};
		4F9C0991268950F9AD24CC0B /* Debug */ = {
			isa = XCBuildConfiguration;
			buildSettings = {
				CODE_SIGN_IDENTITY = "";
				CURRENT_PROJECT_VERSION = 1;
				DEFINES_MODULE = YES;
				DYLIB_COMPATIBILITY_VERSION = 1;
				DYLIB_CURRENT_VERSION = 1;
				DYLIB_INSTALL_NAME_BASE = "@rpath";
				INFOPLIST_FILE = "Derived/InfoPlists/Shared-Info.plist";
				INSTALL_PATH = "$(LOCAL_LIBRARY_DIR)/Frameworks";
				IPHONEOS_DEPLOYMENT_TARGET = 16.6;
				LD_RUNPATH_SEARCH_PATHS = (
					"$(inherited)",
					"@executable_path/Frameworks",
					"@loader_path/Frameworks",
				);
				PRODUCT_BUNDLE_IDENTIFIER = io.fitculator.Fitculator.shared;
				PRODUCT_NAME = Shared;
				SDKROOT = iphoneos;
				SKIP_INSTALL = YES;
				SUPPORTS_MACCATALYST = NO;
				SUPPORTS_MAC_DESIGNED_FOR_IPHONE_IPAD = NO;
				SUPPORTS_XR_DESIGNED_FOR_IPHONE_IPAD = NO;
				SWIFT_ACTIVE_COMPILATION_CONDITIONS = "$(inherited) DEBUG";
				SWIFT_COMPILATION_MODE = singlefile;
				SWIFT_OPTIMIZATION_LEVEL = "-Onone";
				SWIFT_VERSION = 5.0;
				TARGETED_DEVICE_FAMILY = "1,2";
				VERSIONING_SYSTEM = "apple-generic";
				VERSION_INFO_PREFIX = "";
			};
			name = Debug;
		};
		5846D9656F721E313B465C12 /* Debug */ = {
			isa = XCBuildConfiguration;
			buildSettings = {
				CODE_SIGN_IDENTITY = "";
				CURRENT_PROJECT_VERSION = 1;
				DEFINES_MODULE = YES;
				DYLIB_COMPATIBILITY_VERSION = 1;
				DYLIB_CURRENT_VERSION = 1;
				DYLIB_INSTALL_NAME_BASE = "@rpath";
				INFOPLIST_FILE = "Derived/InfoPlists/Features-Info.plist";
				INSTALL_PATH = "$(LOCAL_LIBRARY_DIR)/Frameworks";
				IPHONEOS_DEPLOYMENT_TARGET = 16.6;
				LD_RUNPATH_SEARCH_PATHS = (
					"$(inherited)",
					"@executable_path/Frameworks",
					"@loader_path/Frameworks",
				);
				PRODUCT_BUNDLE_IDENTIFIER = io.fitculator.Fitculator.features;
				PRODUCT_NAME = Features;
				SDKROOT = iphoneos;
				SKIP_INSTALL = YES;
				SUPPORTS_MACCATALYST = NO;
				SUPPORTS_MAC_DESIGNED_FOR_IPHONE_IPAD = NO;
				SUPPORTS_XR_DESIGNED_FOR_IPHONE_IPAD = NO;
				SWIFT_ACTIVE_COMPILATION_CONDITIONS = "$(inherited) DEBUG";
				SWIFT_COMPILATION_MODE = singlefile;
				SWIFT_OPTIMIZATION_LEVEL = "-Onone";
				SWIFT_VERSION = 5.0;
				TARGETED_DEVICE_FAMILY = "1,2";
				VERSIONING_SYSTEM = "apple-generic";
				VERSION_INFO_PREFIX = "";
			};
			name = Debug;
		};
		5D48BC1917218BAC46430349 /* Release */ = {
			isa = XCBuildConfiguration;
			buildSettings = {
				CODE_SIGN_IDENTITY = "";
				CURRENT_PROJECT_VERSION = 1;
				DEFINES_MODULE = YES;
				DYLIB_COMPATIBILITY_VERSION = 1;
				DYLIB_CURRENT_VERSION = 1;
				DYLIB_INSTALL_NAME_BASE = "@rpath";
				INFOPLIST_FILE = "Derived/InfoPlists/Features-Info.plist";
				INSTALL_PATH = "$(LOCAL_LIBRARY_DIR)/Frameworks";
				IPHONEOS_DEPLOYMENT_TARGET = 16.6;
				LD_RUNPATH_SEARCH_PATHS = (
					"$(inherited)",
					"@executable_path/Frameworks",
					"@loader_path/Frameworks",
				);
				PRODUCT_BUNDLE_IDENTIFIER = io.fitculator.Fitculator.features;
				PRODUCT_NAME = Features;
				SDKROOT = iphoneos;
				SKIP_INSTALL = YES;
				SUPPORTS_MACCATALYST = NO;
				SUPPORTS_MAC_DESIGNED_FOR_IPHONE_IPAD = NO;
				SUPPORTS_XR_DESIGNED_FOR_IPHONE_IPAD = NO;
				SWIFT_COMPILATION_MODE = wholemodule;
				SWIFT_OPTIMIZATION_LEVEL = "-Owholemodule";
				SWIFT_VERSION = 5.0;
				TARGETED_DEVICE_FAMILY = "1,2";
				VERSIONING_SYSTEM = "apple-generic";
				VERSION_INFO_PREFIX = "";
			};
			name = Release;
		};
		629F2AE4B61373E2A460E9B0 /* Release */ = {
			isa = XCBuildConfiguration;
			buildSettings = {
				ASSETCATALOG_COMPILER_APPICON_NAME = AppIcon;
				CODE_SIGN_IDENTITY = "iPhone Developer";
				ENABLE_PREVIEWS = YES;
				INFOPLIST_FILE = "Derived/InfoPlists/Fitculator-Info.plist";
				IPHONEOS_DEPLOYMENT_TARGET = 16.6;
				LD_RUNPATH_SEARCH_PATHS = (
					"$(inherited)",
					"@executable_path/Frameworks",
				);
				PRODUCT_BUNDLE_IDENTIFIER = io.fitculator.Fitculator;
				PRODUCT_NAME = Fitculator;
				SDKROOT = iphoneos;
				SUPPORTS_MACCATALYST = NO;
				SUPPORTS_MAC_DESIGNED_FOR_IPHONE_IPAD = NO;
				SUPPORTS_XR_DESIGNED_FOR_IPHONE_IPAD = NO;
				SWIFT_COMPILATION_MODE = wholemodule;
				SWIFT_OPTIMIZATION_LEVEL = "-Owholemodule";
				SWIFT_VERSION = 5.0;
				TARGETED_DEVICE_FAMILY = "1,2";
			};
			name = Release;
		};
		63D8E1069BAEAD92DE1D7443 /* Debug */ = {
			isa = XCBuildConfiguration;
			buildSettings = {
				ALWAYS_SEARCH_USER_PATHS = NO;
				CLANG_ANALYZER_LOCALIZABILITY_NONLOCALIZED = YES;
				CLANG_ANALYZER_NONNULL = YES;
				CLANG_ANALYZER_NUMBER_OBJECT_CONVERSION = YES_AGGRESSIVE;
				CLANG_CXX_LANGUAGE_STANDARD = "gnu++14";
				CLANG_CXX_LIBRARY = "libc++";
				CLANG_ENABLE_MODULES = YES;
				CLANG_ENABLE_OBJC_ARC = YES;
				CLANG_ENABLE_OBJC_WEAK = YES;
				CLANG_WARN_BLOCK_CAPTURE_AUTORELEASING = YES;
				CLANG_WARN_BOOL_CONVERSION = YES;
				CLANG_WARN_COMMA = YES;
				CLANG_WARN_CONSTANT_CONVERSION = YES;
				CLANG_WARN_DEPRECATED_OBJC_IMPLEMENTATIONS = YES;
				CLANG_WARN_DIRECT_OBJC_ISA_USAGE = YES_ERROR;
				CLANG_WARN_DOCUMENTATION_COMMENTS = YES;
				CLANG_WARN_EMPTY_BODY = YES;
				CLANG_WARN_ENUM_CONVERSION = YES;
				CLANG_WARN_INFINITE_RECURSION = YES;
				CLANG_WARN_INT_CONVERSION = YES;
				CLANG_WARN_NON_LITERAL_NULL_CONVERSION = YES;
				CLANG_WARN_OBJC_IMPLICIT_RETAIN_SELF = YES;
				CLANG_WARN_OBJC_LITERAL_CONVERSION = YES;
				CLANG_WARN_OBJC_ROOT_CLASS = YES_ERROR;
				CLANG_WARN_QUOTED_INCLUDE_IN_FRAMEWORK_HEADER = YES;
				CLANG_WARN_RANGE_LOOP_ANALYSIS = YES;
				CLANG_WARN_STRICT_PROTOTYPES = YES;
				CLANG_WARN_SUSPICIOUS_MOVE = YES;
				CLANG_WARN_UNGUARDED_AVAILABILITY = YES_AGGRESSIVE;
				CLANG_WARN_UNREACHABLE_CODE = YES;
				CLANG_WARN__DUPLICATE_METHOD_MATCH = YES;
				COPY_PHASE_STRIP = NO;
				DEAD_CODE_STRIPPING = YES;
				DEBUG_INFORMATION_FORMAT = dwarf;
				ENABLE_STRICT_OBJC_MSGSEND = YES;
				ENABLE_TESTABILITY = YES;
				GCC_C_LANGUAGE_STANDARD = gnu11;
				GCC_DYNAMIC_NO_PIC = NO;
				GCC_NO_COMMON_BLOCKS = YES;
				GCC_OPTIMIZATION_LEVEL = 0;
				GCC_PREPROCESSOR_DEFINITIONS = (
					"DEBUG=1",
					"$(inherited)",
				);
				GCC_WARN_64_TO_32_BIT_CONVERSION = YES;
				GCC_WARN_ABOUT_RETURN_TYPE = YES_ERROR;
				GCC_WARN_UNDECLARED_SELECTOR = YES;
				GCC_WARN_UNINITIALIZED_AUTOS = YES_AGGRESSIVE;
				GCC_WARN_UNUSED_FUNCTION = YES;
				GCC_WARN_UNUSED_VARIABLE = YES;
				MTL_ENABLE_DEBUG_INFO = YES;
				ONLY_ACTIVE_ARCH = YES;
				PRODUCT_NAME = "$(TARGET_NAME)";
			};
			name = Debug;
		};
		787019A4DBEA83ACBE1C4394 /* Release */ = {
			isa = XCBuildConfiguration;
			buildSettings = {
				CODE_SIGN_IDENTITY = "";
				CURRENT_PROJECT_VERSION = 1;
				DEFINES_MODULE = YES;
				DYLIB_COMPATIBILITY_VERSION = 1;
				DYLIB_CURRENT_VERSION = 1;
				DYLIB_INSTALL_NAME_BASE = "@rpath";
				INFOPLIST_FILE = "Derived/InfoPlists/Core-Info.plist";
				INSTALL_PATH = "$(LOCAL_LIBRARY_DIR)/Frameworks";
				IPHONEOS_DEPLOYMENT_TARGET = 16.6;
				LD_RUNPATH_SEARCH_PATHS = (
					"$(inherited)",
					"@executable_path/Frameworks",
					"@loader_path/Frameworks",
				);
				PRODUCT_BUNDLE_IDENTIFIER = io.fitculator.Fitculator.core;
				PRODUCT_NAME = Core;
				SDKROOT = iphoneos;
				SKIP_INSTALL = YES;
				SUPPORTS_MACCATALYST = NO;
				SUPPORTS_MAC_DESIGNED_FOR_IPHONE_IPAD = NO;
				SUPPORTS_XR_DESIGNED_FOR_IPHONE_IPAD = NO;
				SWIFT_COMPILATION_MODE = wholemodule;
				SWIFT_OPTIMIZATION_LEVEL = "-Owholemodule";
				SWIFT_VERSION = 5.0;
				TARGETED_DEVICE_FAMILY = "1,2";
				VERSIONING_SYSTEM = "apple-generic";
				VERSION_INFO_PREFIX = "";
			};
			name = Release;
		};
		AD0A9BFF601A06C8083BEB98 /* Release */ = {
			isa = XCBuildConfiguration;
			buildSettings = {
				CODE_SIGN_IDENTITY = "";
				CURRENT_PROJECT_VERSION = 1;
				DEFINES_MODULE = YES;
				DYLIB_COMPATIBILITY_VERSION = 1;
				DYLIB_CURRENT_VERSION = 1;
				DYLIB_INSTALL_NAME_BASE = "@rpath";
				INFOPLIST_FILE = "Derived/InfoPlists/Shared-Info.plist";
				INSTALL_PATH = "$(LOCAL_LIBRARY_DIR)/Frameworks";
				IPHONEOS_DEPLOYMENT_TARGET = 16.6;
				LD_RUNPATH_SEARCH_PATHS = (
					"$(inherited)",
					"@executable_path/Frameworks",
					"@loader_path/Frameworks",
				);
				PRODUCT_BUNDLE_IDENTIFIER = io.fitculator.Fitculator.shared;
				PRODUCT_NAME = Shared;
				SDKROOT = iphoneos;
				SKIP_INSTALL = YES;
				SUPPORTS_MACCATALYST = NO;
				SUPPORTS_MAC_DESIGNED_FOR_IPHONE_IPAD = NO;
				SUPPORTS_XR_DESIGNED_FOR_IPHONE_IPAD = NO;
				SWIFT_COMPILATION_MODE = wholemodule;
				SWIFT_OPTIMIZATION_LEVEL = "-Owholemodule";
				SWIFT_VERSION = 5.0;
				TARGETED_DEVICE_FAMILY = "1,2";
				VERSIONING_SYSTEM = "apple-generic";
				VERSION_INFO_PREFIX = "";
			};
			name = Release;
		};
		ADE96B4C2EECCC28DA31F201 /* Release */ = {
			isa = XCBuildConfiguration;
			buildSettings = {
				ALWAYS_SEARCH_USER_PATHS = NO;
				CLANG_ANALYZER_LOCALIZABILITY_NONLOCALIZED = YES;
				CLANG_ANALYZER_NONNULL = YES;
				CLANG_ANALYZER_NUMBER_OBJECT_CONVERSION = YES_AGGRESSIVE;
				CLANG_CXX_LANGUAGE_STANDARD = "gnu++14";
				CLANG_CXX_LIBRARY = "libc++";
				CLANG_ENABLE_MODULES = YES;
				CLANG_ENABLE_OBJC_ARC = YES;
				CLANG_ENABLE_OBJC_WEAK = YES;
				CLANG_WARN_BLOCK_CAPTURE_AUTORELEASING = YES;
				CLANG_WARN_BOOL_CONVERSION = YES;
				CLANG_WARN_COMMA = YES;
				CLANG_WARN_CONSTANT_CONVERSION = YES;
				CLANG_WARN_DEPRECATED_OBJC_IMPLEMENTATIONS = YES;
				CLANG_WARN_DIRECT_OBJC_ISA_USAGE = YES_ERROR;
				CLANG_WARN_DOCUMENTATION_COMMENTS = YES;
				CLANG_WARN_EMPTY_BODY = YES;
				CLANG_WARN_ENUM_CONVERSION = YES;
				CLANG_WARN_INFINITE_RECURSION = YES;
				CLANG_WARN_INT_CONVERSION = YES;
				CLANG_WARN_NON_LITERAL_NULL_CONVERSION = YES;
				CLANG_WARN_OBJC_IMPLICIT_RETAIN_SELF = YES;
				CLANG_WARN_OBJC_LITERAL_CONVERSION = YES;
				CLANG_WARN_OBJC_ROOT_CLASS = YES_ERROR;
				CLANG_WARN_QUOTED_INCLUDE_IN_FRAMEWORK_HEADER = YES;
				CLANG_WARN_RANGE_LOOP_ANALYSIS = YES;
				CLANG_WARN_STRICT_PROTOTYPES = YES;
				CLANG_WARN_SUSPICIOUS_MOVE = YES;
				CLANG_WARN_UNGUARDED_AVAILABILITY = YES_AGGRESSIVE;
				CLANG_WARN_UNREACHABLE_CODE = YES;
				CLANG_WARN__DUPLICATE_METHOD_MATCH = YES;
				COPY_PHASE_STRIP = NO;
				DEAD_CODE_STRIPPING = YES;
				DEBUG_INFORMATION_FORMAT = "dwarf-with-dsym";
				ENABLE_NS_ASSERTIONS = NO;
				ENABLE_STRICT_OBJC_MSGSEND = YES;
				GCC_C_LANGUAGE_STANDARD = gnu11;
				GCC_NO_COMMON_BLOCKS = YES;
				GCC_WARN_64_TO_32_BIT_CONVERSION = YES;
				GCC_WARN_ABOUT_RETURN_TYPE = YES_ERROR;
				GCC_WARN_UNDECLARED_SELECTOR = YES;
				GCC_WARN_UNINITIALIZED_AUTOS = YES_AGGRESSIVE;
				GCC_WARN_UNUSED_FUNCTION = YES;
				GCC_WARN_UNUSED_VARIABLE = YES;
				MTL_ENABLE_DEBUG_INFO = NO;
				PRODUCT_NAME = "$(TARGET_NAME)";
				VALIDATE_PRODUCT = YES;
			};
			name = Release;
		};
		E7790C01C51D704A11878FC0 /* Release */ = {
			isa = XCBuildConfiguration;
			buildSettings = {
				BUNDLE_LOADER = "$(TEST_HOST)";
				CODE_SIGN_IDENTITY = "iPhone Developer";
				INFOPLIST_FILE = "Derived/InfoPlists/FitculatorTests-Info.plist";
				IPHONEOS_DEPLOYMENT_TARGET = 16.6;
				LD_RUNPATH_SEARCH_PATHS = (
					"$(inherited)",
					"@executable_path/Frameworks",
					"@loader_path/Frameworks",
				);
				PRODUCT_BUNDLE_IDENTIFIER = io.fitculator.FitculatorTests;
				PRODUCT_NAME = FitculatorTests;
				SDKROOT = iphoneos;
				SUPPORTS_MACCATALYST = NO;
				SUPPORTS_MAC_DESIGNED_FOR_IPHONE_IPAD = NO;
				SUPPORTS_XR_DESIGNED_FOR_IPHONE_IPAD = NO;
				SWIFT_COMPILATION_MODE = wholemodule;
				SWIFT_OPTIMIZATION_LEVEL = "-Owholemodule";
				SWIFT_VERSION = 5.0;
				TARGETED_DEVICE_FAMILY = "1,2";
				TEST_HOST = "$(BUILT_PRODUCTS_DIR)/Fitculator.app/$(BUNDLE_EXECUTABLE_FOLDER_PATH)/Fitculator";
				TEST_TARGET_NAME = Fitculator;
			};
			name = Release;
		};
		EE82664485275B961F7DE643 /* Debug */ = {
			isa = XCBuildConfiguration;
			buildSettings = {
				ASSETCATALOG_COMPILER_APPICON_NAME = AppIcon;
				CODE_SIGN_IDENTITY = "iPhone Developer";
				ENABLE_PREVIEWS = YES;
				INFOPLIST_FILE = "Derived/InfoPlists/Fitculator-Info.plist";
				IPHONEOS_DEPLOYMENT_TARGET = 16.6;
				LD_RUNPATH_SEARCH_PATHS = (
					"$(inherited)",
					"@executable_path/Frameworks",
				);
				PRODUCT_BUNDLE_IDENTIFIER = io.fitculator.Fitculator;
				PRODUCT_NAME = Fitculator;
				SDKROOT = iphoneos;
				SUPPORTS_MACCATALYST = NO;
				SUPPORTS_MAC_DESIGNED_FOR_IPHONE_IPAD = NO;
				SUPPORTS_XR_DESIGNED_FOR_IPHONE_IPAD = NO;
				SWIFT_ACTIVE_COMPILATION_CONDITIONS = "$(inherited) DEBUG";
				SWIFT_COMPILATION_MODE = singlefile;
				SWIFT_OPTIMIZATION_LEVEL = "-Onone";
				SWIFT_VERSION = 5.0;
				TARGETED_DEVICE_FAMILY = "1,2";
			};
			name = Debug;
		};
/* End XCBuildConfiguration section */

/* Begin XCConfigurationList section */
		09D9FADBDEECC0BD59C266C5 /* Build configuration list for PBXNativeTarget "Fitculator" */ = {
			isa = XCConfigurationList;
			buildConfigurations = (
				EE82664485275B961F7DE643 /* Debug */,
				629F2AE4B61373E2A460E9B0 /* Release */,
			);
			defaultConfigurationIsVisible = 0;
			defaultConfigurationName = Release;
		};
		161B999A06FF1FECA41CE4EE /* Build configuration list for PBXProject "Fitculator" */ = {
			isa = XCConfigurationList;
			buildConfigurations = (
				63D8E1069BAEAD92DE1D7443 /* Debug */,
				ADE96B4C2EECCC28DA31F201 /* Release */,
			);
			defaultConfigurationIsVisible = 0;
			defaultConfigurationName = Release;
		};
		68453F8EC31BD541DB9C4B10 /* Build configuration list for PBXNativeTarget "Shared" */ = {
			isa = XCConfigurationList;
			buildConfigurations = (
				4F9C0991268950F9AD24CC0B /* Debug */,
				AD0A9BFF601A06C8083BEB98 /* Release */,
			);
			defaultConfigurationIsVisible = 0;
			defaultConfigurationName = Release;
		};
		6EDE031C71A5BABCCE2EB529 /* Build configuration list for PBXNativeTarget "Core" */ = {
			isa = XCConfigurationList;
			buildConfigurations = (
				036DAF15934333B647E76DB2 /* Debug */,
				787019A4DBEA83ACBE1C4394 /* Release */,
			);
			defaultConfigurationIsVisible = 0;
			defaultConfigurationName = Release;
		};
		9867F41BBACCFEAB0CB63B08 /* Build configuration list for PBXNativeTarget "FitculatorTests" */ = {
			isa = XCConfigurationList;
			buildConfigurations = (
				06516D47A4C233D5F85FE156 /* Debug */,
				E7790C01C51D704A11878FC0 /* Release */,
			);
			defaultConfigurationIsVisible = 0;
			defaultConfigurationName = Release;
		};
		F530CFA295FD9F9790417DCC /* Build configuration list for PBXNativeTarget "Features" */ = {
			isa = XCConfigurationList;
			buildConfigurations = (
				5846D9656F721E313B465C12 /* Debug */,
				5D48BC1917218BAC46430349 /* Release */,
			);
			defaultConfigurationIsVisible = 0;
			defaultConfigurationName = Release;
		};
/* End XCConfigurationList section */
	};
	rootObject = E9B79A3396A25789279CF522 /* Project object */;
}
